
Microsoft Visual Studio Solution File, Format Version 12.00
# Visual Studio 14
VisualStudioVersion = 14.0.25420.1
MinimumVisualStudioVersion = 10.0.40219.1
Project("{8BC9CEB8-8B4A-11D0-8D11-00A0C91BC942}") = "example_75_9_struct_macro", "example_75_9_struct_macro\example_75_9_struct_macro.vcxproj", "{1687B576-A65D-48F5-B583-D7BD2B5F2B1A}"
EndProject
Global
	GlobalSection(SolutionConfigurationPlatforms) = preSolution
		Debug|x64 = Debug|x64
		Debug|x86 = Debug|x86
		Release|x64 = Release|x64
		Release|x86 = Release|x86
	EndGlobalSection
	GlobalSection(ProjectConfigurationPlatforms) = postSolution
		{1687B576-A65D-48F5-B583-D7BD2B5F2B1A}.Debug|x64.ActiveCfg = Debug|x64
		{1687B576-A65D-48F5-B583-D7BD2B5F2B1A}.Debug|x64.Build.0 = Debug|x64
		{1687B576-A65D-48F5-B583-D7BD2B5F2B1A}.Debug|x86.ActiveCfg = Debug|Win32
		{1687B576-A65D-48F5-B583-D7BD2B5F2B1A}.Debug|x86.Build.0 = Debug|Win32
		{1687B576-A65D-48F5-B583-D7BD2B5F2B1A}.Release|x64.ActiveCfg = Release|x64
		{1687B576-A65D-48F5-B583-D7BD2B5F2B1A}.Release|x64.Build.0 = Release|x64
		{1687B576-A65D-48F5-B583-D7BD2B5F2B1A}.Release|x86.ActiveCfg = Release|Win32
		{1687B576-A65D-48F5-B583-D7BD2B5F2B1A}.Release|x86.Build.0 = Release|Win32
	EndGlobalSection
	GlobalSection(SolutionProperties) = preSolution
		HideSolutionNode = FALSE
	EndGlobalSection
EndGlobal
